
Microsoft Visual Studio Solution File, Format Version 12.00
# Visual Studio Version 16
VisualStudioVersion = 16.0.31729.503
MinimumVisualStudioVersion = 10.0.40219.1
Project("{FAE04EC0-301F-11D3-BF4B-00C04F79EFBC}") = "Grafick", "Grafick\Grafick.csproj", "{1F8DD286-3E51-4442-AA11-8356FFE49C03}"
EndProject
Global
	GlobalSection(SolutionConfigurationPlatforms) = preSolution
		Debug|Any CPU = Debug|Any CPU
		Release|Any CPU = Release|Any CPU
	EndGlobalSection
	GlobalSection(ProjectConfigurationPlatforms) = postSolution
		{1F8DD286-3E51-4442-AA11-8356FFE49C03}.Debug|Any CPU.ActiveCfg = Debug|Any CPU
		{1F8DD286-3E51-4442-AA11-8356FFE49C03}.Debug|Any CPU.Build.0 = Debug|Any CPU
		{1F8DD286-3E51-4442-AA11-8356FFE49C03}.Release|Any CPU.ActiveCfg = Release|Any CPU
		{1F8DD286-3E51-4442-AA11-8356FFE49C03}.Release|Any CPU.Build.0 = Release|Any CPU
	EndGlobalSection
	GlobalSection(SolutionProperties) = preSolution
		HideSolutionNode = FALSE
	EndGlobalSection
	GlobalSection(ExtensibilityGlobals) = postSolution
		SolutionGuid = {6BDB9501-2DEB-46BC-9D92-049E580866F5}
	EndGlobalSection
EndGlobal
